github.com/google/uuid v1.1.2 h1:EVhdT+1Kseyi1/pUmXKaFxYsDNy9RQYkMWRH68J/W7Y=
github.com/google/uuid v1.1.2/go.mod h1:TIyPZe4MgqvfeYDBFedMoGGpEw/LqOeaOT+nhxU+yHo=
github.com/smallnest/goframe v1.0.0 h1:ywsSz9P5BFiqn39w8iFDENTdqN44v+B5bp1PbCH+PVw=
github.com/smallnest/goframe v1.0.0/go.mod h1:Dy8560GXrB6w5OJnVBU71dJtSyINdnqHHe6atDaZX00=
